<?xml version="1.0" encoding="utf-8"?>
<Project ToolsVersion="4.0" xmlns="http://schemas.microsoft.com/developer/msbuild/2003">
  <ItemGroup>
    <Filter Include="ソース ファイル">
      <UniqueIdentifier>{4FC737F1-C7A5-4376-A066-2A32D752A2FF}</UniqueIdentifier>
      <Extensions>cpp;c;cc;cxx;c++;cppm;ixx;def;odl;idl;hpj;bat;asm;asmx</Extensions>
    </Filter>
    <Filter Include="リソース ファイル">
      <UniqueIdentifier>{67DA6AB6-F800-4c08-8B7A-83BB121AAD01}</UniqueIdentifier>
      <Extensions>rc;ico;cur;bmp;dlg;rc2;rct;bin;rgs;gif;jpg;jpeg;jpe;resx;tiff;tif;png;wav;mfcribbon-ms</Extensions>
    </Filter>
  </ItemGroup>
  <ItemGroup>
    <ClCompile Include="Engine\Asset\AnimationManager.cpp">
      <Filter>ソース ファイル</Filter>
    </ClCompile>
    <ClCompile Include="Engine\Asset\Asset.cpp">
      <Filter>ソース ファイル</Filter>
    </ClCompile>
    <ClCompile Include="Engine\Asset\ModelLoader.cpp">
      <Filter>ソース ファイル</Filter>
    </ClCompile>
    <ClCompile Include="Engine\Asset\TextureManager.cpp">
      <Filter>ソース ファイル</Filter>
    </ClCompile>
    <ClCompile Include="Engine\Core\Component\TransformComponent.cpp">
      <Filter>ソース ファイル</Filter>
    </ClCompile>
    <ClCompile Include="Engine\Core\Graphics\GPUObject\InputAssembler.cpp">
      <Filter>ソース ファイル</Filter>
    </ClCompile>
    <ClCompile Include="Engine\Core\Graphics\GPUObject\IOVertexBuffer.cpp">
      <Filter>ソース ファイル</Filter>
    </ClCompile>
    <ClCompile Include="Engine\Core\Debug\Assert.cpp">
      <Filter>ソース ファイル</Filter>
    </ClCompile>
    <ClCompile Include="Engine\Core\Debug\Logger.cpp">
      <Filter>ソース ファイル</Filter>
    </ClCompile>
    <ClCompile Include="Engine\Core\Graphics\Descriptors\DSVDescriptor.cpp">
      <Filter>ソース ファイル</Filter>
    </ClCompile>
    <ClCompile Include="Engine\Core\Graphics\Descriptors\RTVDescriptor.cpp">
      <Filter>ソース ファイル</Filter>
    </ClCompile>
    <ClCompile Include="Engine\Core\Graphics\Descriptors\SRVDescriptor.cpp">
      <Filter>ソース ファイル</Filter>
    </ClCompile>
    <ClCompile Include="Engine\Core\Graphics\Pipeline\DxBlendState.cpp">
      <Filter>ソース ファイル</Filter>
    </ClCompile>
    <ClCompile Include="Engine\Core\Graphics\Pipeline\DxDepthRaster.cpp">
      <Filter>ソース ファイル</Filter>
    </ClCompile>
    <ClCompile Include="Engine\Core\Graphics\Pipeline\DxInputLayout.cpp">
      <Filter>ソース ファイル</Filter>
    </ClCompile>
    <ClCompile Include="Engine\Core\Graphics\Pipeline\DxRootSignature.cpp">
      <Filter>ソース ファイル</Filter>
    </ClCompile>
    <ClCompile Include="Engine\Core\Graphics\Pipeline\DxShaderCompiler.cpp">
      <Filter>ソース ファイル</Filter>
    </ClCompile>
    <ClCompile Include="Engine\Core\Graphics\Pipeline\PipelineState.cpp">
      <Filter>ソース ファイル</Filter>
    </ClCompile>
    <ClCompile Include="Engine\Core\Graphics\DxCommand.cpp">
      <Filter>ソース ファイル</Filter>
    </ClCompile>
    <ClCompile Include="Engine\Core\Graphics\DxDevice.cpp">
      <Filter>ソース ファイル</Filter>
    </ClCompile>
    <ClCompile Include="Engine\Core\Graphics\DxSwapChain.cpp">
      <Filter>ソース ファイル</Filter>
    </ClCompile>
    <ClCompile Include="Engine\Core\Graphics\GraphicsCore.cpp">
      <Filter>ソース ファイル</Filter>
    </ClCompile>
    <ClCompile Include="Engine\Core\Graphics\PostProcess\RenderTexture.cpp">
      <Filter>ソース ファイル</Filter>
    </ClCompile>
    <ClCompile Include="Engine\Core\Graphics\PostProcess\ShadowMap.cpp">
      <Filter>ソース ファイル</Filter>
    </ClCompile>
    <ClCompile Include="Engine\Core\Graphics\GPUObject\CBufferStructures.cpp">
      <Filter>ソース ファイル</Filter>
    </ClCompile>
    <ClCompile Include="Engine\Core\Graphics\Lib\DxUtils.cpp">
      <Filter>ソース ファイル</Filter>
    </ClCompile>
    <ClCompile Include="Engine\Asset\Filesystem.cpp">
      <Filter>ソース ファイル</Filter>
    </ClCompile>
    <ClCompile Include="Engine\Core\Window\WinApp.cpp">
      <Filter>ソース ファイル</Filter>
    </ClCompile>
    <ClCompile Include="Engine\Core\Framework.cpp">
      <Filter>ソース ファイル</Filter>
    </ClCompile>
    <ClCompile Include="Engine\Renderer\MeshRenderer.cpp">
      <Filter>ソース ファイル</Filter>
    </ClCompile>
    <ClCompile Include="Engine\main.cpp">
      <Filter>ソース ファイル</Filter>
    </ClCompile>
    <ClCompile Include="Lib\Adapter\Easing.cpp">
      <Filter>ソース ファイル</Filter>
    </ClCompile>
    <ClCompile Include="Lib\Adapter\JsonAdapter.cpp">
      <Filter>ソース ファイル</Filter>
    </ClCompile>
    <ClCompile Include="Lib\MathUtils\Matrix4x4.cpp">
      <Filter>ソース ファイル</Filter>
    </ClCompile>
    <ClCompile Include="Lib\MathUtils\Quaternion.cpp">
      <Filter>ソース ファイル</Filter>
    </ClCompile>
    <ClCompile Include="Lib\MathUtils\Vector2.cpp">
      <Filter>ソース ファイル</Filter>
    </ClCompile>
    <ClCompile Include="Lib\MathUtils\Vector3.cpp">
      <Filter>ソース ファイル</Filter>
    </ClCompile>
    <ClCompile Include="Lib\MathUtils\Vector4.cpp">
      <Filter>ソース ファイル</Filter>
    </ClCompile>
    <ClCompile Include="Engine\Collision\Collider.cpp">
      <Filter>ソース ファイル</Filter>
    </ClCompile>
    <ClCompile Include="Engine\Scene\Camera\BaseCamera.cpp">
      <Filter>ソース ファイル</Filter>
    </ClCompile>
    <ClCompile Include="Engine\Scene\Camera\CameraManager.cpp">
      <Filter>ソース ファイル</Filter>
    </ClCompile>
    <ClCompile Include="Game\Camera\GameCamera.cpp">
      <Filter>ソース ファイル</Filter>
    </ClCompile>
    <ClCompile Include="Engine\Scene\Camera\LightViewCamera.cpp">
      <Filter>ソース ファイル</Filter>
    </ClCompile>
    <ClCompile Include="Game\Scene\Manager\SceneManager.cpp">
      <Filter>ソース ファイル</Filter>
    </ClCompile>
    <ClCompile Include="Game\Scene\Methods\IScene.cpp">
      <Filter>ソース ファイル</Filter>
    </ClCompile>
    <ClCompile Include="Game\Scene\Methods\SceneFactory.cpp">
      <Filter>ソース ファイル</Filter>
    </ClCompile>
    <ClCompile Include="Game\Time\GameTimer.cpp">
      <Filter>ソース ファイル</Filter>
    </ClCompile>
    <ClCompile Include="Engine\External\ImGuiManager.cpp">
      <Filter>ソース ファイル</Filter>
    </ClCompile>
    <ClCompile Include="Engine\Editor\ImGuiEditor.cpp">
      <Filter>ソース ファイル</Filter>
    </ClCompile>
    <ClCompile Include="Engine\Input\Input.cpp">
      <Filter>ソース ファイル</Filter>
    </ClCompile>
    <ClCompile Include="Engine\Scene\Camera\DebugCamera.cpp">
      <Filter>ソース ファイル</Filter>
    </ClCompile>
    <ClCompile Include="Engine\Renderer\LineRenderer.cpp">
      <Filter>ソース ファイル</Filter>
    </ClCompile>
    <ClCompile Include="Engine\Core\Component\ECS\ComponentManager.cpp">
      <Filter>ソース ファイル</Filter>
    </ClCompile>
    <ClCompile Include="Engine\Core\Component\ECS\EntityRegistry.cpp">
      <Filter>ソース ファイル</Filter>
    </ClCompile>
    <ClCompile Include="Engine\Core\Component\Store\TransformStore.cpp">
      <Filter>ソース ファイル</Filter>
    </ClCompile>
    <ClCompile Include="Engine\Core\Component\Store\MaterialStore.cpp">
      <Filter>ソース ファイル</Filter>
    </ClCompile>
    <ClCompile Include="Engine\Editor\ImGuiInspector.cpp">
      <Filter>ソース ファイル</Filter>
    </ClCompile>
    <ClCompile Include="Engine\Collision\CollisionBody.cpp">
      <Filter>ソース ファイル</Filter>
    </ClCompile>
    <ClCompile Include="Engine\Collision\CollisionGeometry.cpp">
      <Filter>ソース ファイル</Filter>
    </ClCompile>
    <ClCompile Include="Engine\Collision\CollisionManager.cpp">
      <Filter>ソース ファイル</Filter>
    </ClCompile>
    <ClCompile Include="Game\Object3D\Template\TemplateObject3D.cpp">
      <Filter>ソース ファイル</Filter>
    </ClCompile>
    <ClCompile Include="Lib\MathUtils\Algorithm.cpp">
      <Filter>ソース ファイル</Filter>
    </ClCompile>
    <ClCompile Include="Engine\Renderer\SpriteRenderer.cpp">
      <Filter>ソース ファイル</Filter>
    </ClCompile>
    <ClCompile Include="Engine\Core\Component\Base\IComponent.cpp">
      <Filter>ソース ファイル</Filter>
    </ClCompile>
    <ClCompile Include="Engine\Core\Graphics\GPUObject\GPUObjectSystem.cpp">
      <Filter>ソース ファイル</Filter>
    </ClCompile>
    <ClCompile Include="Engine\Core\Component\AnimationComponent.cpp">
      <Filter>ソース ファイル</Filter>
    </ClCompile>
    <ClCompile Include="Engine\Core\Component\Store\AnimationStore.cpp">
      <Filter>ソース ファイル</Filter>
    </ClCompile>
    <ClCompile Include="Engine\Core\Graphics\Context\MeshCommandContext.cpp">
      <Filter>ソース ファイル</Filter>
    </ClCompile>
    <ClCompile Include="Engine\Core\Graphics\GPUObject\InstancedMeshBuffer.cpp">
      <Filter>ソース ファイル</Filter>
    </ClCompile>
    <ClCompile Include="Engine\Core\Component\SpriteComponent.cpp">
      <Filter>ソース ファイル</Filter>
    </ClCompile>
    <ClCompile Include="Engine\Core\Component\Store\SpriteStore.cpp">
      <Filter>ソース ファイル</Filter>
    </ClCompile>
    <ClCompile Include="Engine\Scene\Camera\Camera2D.cpp">
      <Filter>ソース ファイル</Filter>
    </ClCompile>
    <ClCompile Include="Engine\Core\Component\ComponentHelper.cpp">
      <Filter>ソース ファイル</Filter>
    </ClCompile>
    <ClCompile Include="Engine\Editor\Base\IGameEditor.cpp">
      <Filter>ソース ファイル</Filter>
    </ClCompile>
    <ClCompile Include="Engine\Editor\Manager\GameEditorManager.cpp">
      <Filter>ソース ファイル</Filter>
    </ClCompile>
    <ClCompile Include="Engine\Core\Graphics\PostProcess\ComputePostProcessor.cpp">
      <Filter>ソース ファイル</Filter>
    </ClCompile>
    <ClCompile Include="Engine\Core\Graphics\PostProcess\PostProcessSystem.cpp">
      <Filter>ソース ファイル</Filter>
    </ClCompile>
    <ClCompile Include="Engine\Core\Graphics\Context\PostProcessCommandContext.cpp">
      <Filter>ソース ファイル</Filter>
    </ClCompile>
    <ClCompile Include="Engine\Core\Graphics\PostProcess\BloomProcessor.cpp">
      <Filter>ソース ファイル</Filter>
    </ClCompile>
    <ClCompile Include="Engine\Core\Graphics\PostProcess\Buffer\PostProcessBuffer.cpp">
      <Filter>ソース ファイル</Filter>
    </ClCompile>
    <ClCompile Include="Engine\Core\Graphics\PostProcess\Buffer\PostProcessBufferSize.cpp">
      <Filter>ソース ファイル</Filter>
    </ClCompile>
    <ClCompile Include="Engine\Core\Graphics\PostProcess\PostProcessPipeline.cpp">
      <Filter>ソース ファイル</Filter>
    </ClCompile>
    <ClCompile Include="Engine\Core\Graphics\Mesh\MeshletBuilder.cpp">
      <Filter>ソース ファイル</Filter>
    </ClCompile>
    <ClCompile Include="Engine\Core\Graphics\Mesh\Mesh.cpp">
      <Filter>ソース ファイル</Filter>
    </ClCompile>
    <ClCompile Include="Engine\Core\Graphics\Mesh\MeshRegistry.cpp">
      <Filter>ソース ファイル</Filter>
    </ClCompile>
    <ClCompile Include="Game\Scene\TitleScene.cpp">
      <Filter>ソース ファイル</Filter>
    </ClCompile>
    <ClCompile Include="Game\Scene\GameScene.cpp">
      <Filter>ソース ファイル</Filter>
    </ClCompile>
    <ClCompile Include="Game\Scene\Methods\SceneTransition.cpp">
      <Filter>ソース ファイル</Filter>
    </ClCompile>
    <ClCompile Include="Game\Object2D\SceneTransition\FadeTransition.cpp">
      <Filter>ソース ファイル</Filter>
    </ClCompile>
    <ClCompile Include="Game\Algorithm\StateTimer.cpp">
      <Filter>ソース ファイル</Filter>
    </ClCompile>
    <ClCompile Include="Engine\Editor\Object\Object3DEditor.cpp">
      <Filter>ソース ファイル</Filter>
    </ClCompile>
    <ClCompile Include="Engine\Core\Component\MaterialComponent.cpp">
      <Filter>ソース ファイル</Filter>
    </ClCompile>
    <ClCompile Include="Engine\Core\Graphics\Descriptors\BaseDescriptor.cpp">
      <Filter>ソース ファイル</Filter>
    </ClCompile>
    <ClCompile Include="Engine\Core\Graphics\GPUObject\SceneConstBuffer.cpp">
      <Filter>ソース ファイル</Filter>
    </ClCompile>
    <ClCompile Include="Engine\Scene\Light\LightManager.cpp">
      <Filter>ソース ファイル</Filter>
    </ClCompile>
    <ClCompile Include="Engine\Scene\Light\PunctualLight.cpp">
      <Filter>ソース ファイル</Filter>
    </ClCompile>
    <ClCompile Include="Engine\Editor\Primitive\PrimitiveEditor.cpp">
      <Filter>ソース ファイル</Filter>
    </ClCompile>
    <ClCompile Include="Engine\Editor\Primitive\PrimitiveRegistry.cpp">
      <Filter>ソース ファイル</Filter>
    </ClCompile>
    <ClCompile Include="Engine\Core\Graphics\Mesh\PrimitiveMesh.cpp">
      <Filter>ソース ファイル</Filter>
    </ClCompile>
    <ClCompile Include="Engine\Core\Component\PrimitiveMeshComponent.cpp">
      <Filter>ソース ファイル</Filter>
    </ClCompile>
    <ClCompile Include="Engine\Core\Component\Store\PrimitiveMeshStore.cpp">
      <Filter>ソース ファイル</Filter>
    </ClCompile>
    <ClCompile Include="Engine\Renderer\EffectRenderer.cpp">
      <Filter>ソース ファイル</Filter>
    </ClCompile>
    <ClCompile Include="Engine\Editor\Primitive\PrimitiveMeshData.cpp">
      <Filter>ソース ファイル</Filter>
    </ClCompile>
    <ClCompile Include="Engine\Editor\Primitive\PrimitiveMeshTool.cpp">
      <Filter>ソース ファイル</Filter>
    </ClCompile>
    <ClCompile Include="Engine\Utility\UVHelper.cpp">
      <Filter>ソース ファイル</Filter>
    </ClCompile>
    <ClCompile Include="Engine\Utility\SimpleAnimation.cpp">
      <Filter>ソース ファイル</Filter>
    </ClCompile>
    <ClCompile Include="Game\Object3D\Player\Player.cpp">
      <Filter>ソース ファイル</Filter>
    </ClCompile>
    <ClCompile Include="Game\Object3D\Player\Behavior\PlayerBehaviorController.cpp">
      <Filter>ソース ファイル</Filter>
    </ClCompile>
    <ClCompile Include="Game\Object3D\Player\Parts\Base\BasePlayerParts.cpp">
      <Filter>ソース ファイル</Filter>
    </ClCompile>
    <ClCompile Include="Game\Object3D\Player\Parts\PlayerPartsController.cpp">
      <Filter>ソース ファイル</Filter>
    </ClCompile>
    <ClCompile Include="Game\Object3D\Player\Parts\PlayerBody.cpp">
      <Filter>ソース ファイル</Filter>
    </ClCompile>
    <ClCompile Include="Game\Object3D\Player\Parts\PlayerRightHand.cpp">
      <Filter>ソース ファイル</Filter>
    </ClCompile>
    <ClCompile Include="Game\Object3D\Player\Parts\PlayerLeftHand.cpp">
      <Filter>ソース ファイル</Filter>
    </ClCompile>
    <ClCompile Include="Game\Object3D\Player\Parts\PlayerRightSword.cpp">
      <Filter>ソース ファイル</Filter>
    </ClCompile>
    <ClCompile Include="Game\Camera\FollowCamera.cpp">
      <Filter>ソース ファイル</Filter>
    </ClCompile>
    <ClCompile Include="Game\Object3D\Player\Effect\PlayerEffectController.cpp">
      <Filter>ソース ファイル</Filter>
    </ClCompile>
    <ClCompile Include="Game\Object3D\Player\Effect\PlayerLightningHitEffect.cpp">
      <Filter>ソース ファイル</Filter>
    </ClCompile>
    <ClCompile Include="Game\Object3D\Base\BasePrimitiveEffect.cpp">
      <Filter>ソース ファイル</Filter>
    </ClCompile>
    <ClCompile Include="Game\Object3D\Player\Parts\PlayerLeftSword.cpp">
      <Filter>ソース ファイル</Filter>
    </ClCompile>
    <ClCompile Include="Game\Object3D\Player\Behavior\Parts\LeftHand\LeftHandDashAttackBehavior.cpp">
      <Filter>ソース ファイル</Filter>
    </ClCompile>
    <ClCompile Include="Game\Object3D\Player\Behavior\Parts\LeftHand\LeftHandDashBehavior.cpp">
      <Filter>ソース ファイル</Filter>
    </ClCompile>
    <ClCompile Include="Game\Object3D\Player\Behavior\Parts\LeftHand\LeftHandFirstAttackBehavior.cpp">
      <Filter>ソース ファイル</Filter>
    </ClCompile>
    <ClCompile Include="Game\Object3D\Player\Behavior\Parts\LeftHand\LeftHandParryBehavior.cpp">
      <Filter>ソース ファイル</Filter>
    </ClCompile>
    <ClCompile Include="Game\Object3D\Player\Behavior\Parts\LeftHand\LeftHandSecondAttackBehavior.cpp">
      <Filter>ソース ファイル</Filter>
    </ClCompile>
    <ClCompile Include="Game\Object3D\Player\Behavior\Parts\LeftHand\LeftHandThirdAttackBehavior.cpp">
      <Filter>ソース ファイル</Filter>
    </ClCompile>
    <ClCompile Include="Game\Object3D\Player\Behavior\Parts\LeftSword\LeftSwordDashAttackBehavior.cpp">
      <Filter>ソース ファイル</Filter>
    </ClCompile>
    <ClCompile Include="Game\Object3D\Player\Behavior\Parts\LeftSword\LeftSwordDashBehavior.cpp">
      <Filter>ソース ファイル</Filter>
    </ClCompile>
    <ClCompile Include="Game\Object3D\Player\Behavior\Parts\LeftSword\LeftSwordFirstAttackBehavior.cpp">
      <Filter>ソース ファイル</Filter>
    </ClCompile>
    <ClCompile Include="Game\Object3D\Player\Behavior\Parts\LeftSword\LeftSwordParryBehavior.cpp">
      <Filter>ソース ファイル</Filter>
    </ClCompile>
    <ClCompile Include="Game\Object3D\Player\Behavior\Parts\LeftSword\LeftSwordSecondAttackBehavior.cpp">
      <Filter>ソース ファイル</Filter>
    </ClCompile>
    <ClCompile Include="Game\Object3D\Player\Behavior\Parts\LeftSword\LeftSwordThirdAttackBehavior.cpp">
      <Filter>ソース ファイル</Filter>
    </ClCompile>
    <ClCompile Include="Game\Object3D\Player\Behavior\Parts\RightHand\RightHandDashAttackBehavior.cpp">
      <Filter>ソース ファイル</Filter>
    </ClCompile>
    <ClCompile Include="Game\Object3D\Player\Behavior\Parts\RightHand\RightHandDashBehavior.cpp">
      <Filter>ソース ファイル</Filter>
    </ClCompile>
    <ClCompile Include="Game\Object3D\Player\Behavior\Parts\RightHand\RightHandFirstAttackBehavior.cpp">
      <Filter>ソース ファイル</Filter>
    </ClCompile>
    <ClCompile Include="Game\Object3D\Player\Behavior\Parts\RightHand\RightHandParryBehavior.cpp">
      <Filter>ソース ファイル</Filter>
    </ClCompile>
    <ClCompile Include="Game\Object3D\Player\Behavior\Parts\RightHand\RightHandSecondAttackBehavior.cpp">
      <Filter>ソース ファイル</Filter>
    </ClCompile>
    <ClCompile Include="Game\Object3D\Player\Behavior\Parts\RightHand\RightHandThirdAttackBehavior.cpp">
      <Filter>ソース ファイル</Filter>
    </ClCompile>
    <ClCompile Include="Game\Object3D\Player\Behavior\Parts\RightSword\RightSwordDashAttackBehavior.cpp">
      <Filter>ソース ファイル</Filter>
    </ClCompile>
    <ClCompile Include="Game\Object3D\Player\Behavior\Parts\RightSword\RightSwordDashBehavior.cpp">
      <Filter>ソース ファイル</Filter>
    </ClCompile>
    <ClCompile Include="Game\Object3D\Player\Behavior\Parts\RightSword\RightSwordFirstAttackBehavior.cpp">
      <Filter>ソース ファイル</Filter>
    </ClCompile>
    <ClCompile Include="Game\Object3D\Player\Behavior\Parts\RightSword\RightSwordParryBehavior.cpp">
      <Filter>ソース ファイル</Filter>
    </ClCompile>
    <ClCompile Include="Game\Object3D\Player\Behavior\Parts\RightSword\RightSwordSecondAttackBehavior.cpp">
      <Filter>ソース ファイル</Filter>
    </ClCompile>
    <ClCompile Include="Game\Object3D\Player\Behavior\Parts\RightSword\RightSwordThirdAttackBehavior.cpp">
      <Filter>ソース ファイル</Filter>
    </ClCompile>
    <ClCompile Include="Game\Object3D\Player\Behavior\Parts\Base\IPlayerBehavior.cpp">
      <Filter>ソース ファイル</Filter>
    </ClCompile>
    <ClCompile Include="Game\Object3D\Player\Behavior\Parts\Body\BodyDashAttackBehavior.cpp">
      <Filter>ソース ファイル</Filter>
    </ClCompile>
    <ClCompile Include="Game\Object3D\Player\Behavior\Parts\Body\BodyDashBehavior.cpp">
      <Filter>ソース ファイル</Filter>
    </ClCompile>
    <ClCompile Include="Game\Object3D\Player\Behavior\Parts\Body\BodyFirstAttackBehavior.cpp">
      <Filter>ソース ファイル</Filter>
    </ClCompile>
    <ClCompile Include="Game\Object3D\Player\Behavior\Parts\Body\BodyParryBehavior.cpp">
      <Filter>ソース ファイル</Filter>
    </ClCompile>
    <ClCompile Include="Game\Object3D\Player\Behavior\Parts\Body\BodySecondAttackBehavior.cpp">
      <Filter>ソース ファイル</Filter>
    </ClCompile>
    <ClCompile Include="Game\Object3D\Player\Behavior\Parts\Body\BodyThirdAttackBehavior.cpp">
      <Filter>ソース ファイル</Filter>
    </ClCompile>
    <ClCompile Include="Game\Object3D\Player\Behavior\Parts\Body\BodyWaitBehavior.cpp">
      <Filter>ソース ファイル</Filter>
    </ClCompile>
    <ClCompile Include="Game\Object3D\Player\Behavior\Parts\Body\BodyWalkBehavior.cpp">
      <Filter>ソース ファイル</Filter>
    </ClCompile>
    <ClCompile Include="Game\Object3D\Player\Behavior\Parts\LeftHand\LeftHandWaitBehavior.cpp">
      <Filter>ソース ファイル</Filter>
    </ClCompile>
    <ClCompile Include="Game\Object3D\Player\Behavior\Parts\LeftHand\LeftHandWalkBehavior.cpp">
      <Filter>ソース ファイル</Filter>
    </ClCompile>
    <ClCompile Include="Game\Object3D\Player\Behavior\Parts\LeftSword\LeftSwordWaitBehavior.cpp">
      <Filter>ソース ファイル</Filter>
    </ClCompile>
    <ClCompile Include="Game\Object3D\Player\Behavior\Parts\LeftSword\LeftSwordWalkBehavior.cpp">
      <Filter>ソース ファイル</Filter>
    </ClCompile>
    <ClCompile Include="Game\Object3D\Player\Behavior\Parts\RightHand\RightHandWaitBehavior.cpp">
      <Filter>ソース ファイル</Filter>
    </ClCompile>
    <ClCompile Include="Game\Object3D\Player\Behavior\Parts\RightHand\RightHandWalkBehavior.cpp">
      <Filter>ソース ファイル</Filter>
    </ClCompile>
    <ClCompile Include="Game\Object3D\Player\Behavior\Parts\RightSword\RightSwordWaitBehavior.cpp">
      <Filter>ソース ファイル</Filter>
    </ClCompile>
    <ClCompile Include="Game\Object3D\Player\Behavior\Parts\RightSword\RightSwordWalkBehavior.cpp">
      <Filter>ソース ファイル</Filter>
    </ClCompile>
    <ClCompile Include="Engine\Utility\KeyframeAnimation.cpp">
      <Filter>ソース ファイル</Filter>
    </ClCompile>
  </ItemGroup>
  <ItemGroup>
    <ClInclude Include="Engine\Asset\AnimationManager.h" />
    <ClInclude Include="Engine\Asset\Asset.h" />
    <ClInclude Include="Engine\Asset\AssetStructure.h" />
    <ClInclude Include="Engine\Asset\ModelLoader.h" />
    <ClInclude Include="Engine\Asset\TextureManager.h" />
    <ClInclude Include="Engine\Core\Component\TransformComponent.h" />
    <ClInclude Include="Engine\Core\Graphics\GPUObject\DxConstBuffer.h" />
    <ClInclude Include="Engine\Core\Graphics\GPUObject\InputAssembler.h" />
    <ClInclude Include="Engine\Core\Graphics\GPUObject\IOVertexBuffer.h" />
    <ClInclude Include="Engine\Core\Debug\Assert.h" />
    <ClInclude Include="Engine\Core\Debug\Logger.h" />
    <ClInclude Include="Engine\Core\Graphics\Descriptors\DSVDescriptor.h" />
    <ClInclude Include="Engine\Core\Graphics\Descriptors\RTVDescriptor.h" />
    <ClInclude Include="Engine\Core\Graphics\Descriptors\SRVDescriptor.h" />
    <ClInclude Include="Engine\Core\Graphics\Pipeline\DxBlendState.h" />
    <ClInclude Include="Engine\Core\Graphics\Pipeline\DxDepthRaster.h" />
    <ClInclude Include="Engine\Core\Graphics\Pipeline\DxInputLayout.h" />
    <ClInclude Include="Engine\Core\Graphics\Pipeline\DxRootSignature.h" />
    <ClInclude Include="Engine\Core\Graphics\Pipeline\DxShaderCompiler.h" />
    <ClInclude Include="Engine\Core\Graphics\Pipeline\PipelineState.h" />
    <ClInclude Include="Engine\Core\Graphics\DxCommand.h" />
    <ClInclude Include="Engine\Core\Graphics\DxDevice.h" />
    <ClInclude Include="Engine\Core\Graphics\DxSwapChain.h" />
    <ClInclude Include="Engine\Core\Graphics\GraphicsCore.h" />
    <ClInclude Include="Engine\Core\Graphics\PostProcess\RenderTexture.h" />
    <ClInclude Include="Engine\Core\Graphics\PostProcess\ShadowMap.h" />
    <ClInclude Include="Engine\Core\Graphics\GPUObject\CBufferStructures.h" />
    <ClInclude Include="Engine\Core\Graphics\Lib\ComPtr.h" />
    <ClInclude Include="Engine\Core\Graphics\Lib\DxStructures.h" />
    <ClInclude Include="Engine\Core\Graphics\Lib\DxUtils.h" />
    <ClInclude Include="Engine\Asset\Filesystem.h" />
    <ClInclude Include="Engine\Core\Window\WinApp.h" />
    <ClInclude Include="Engine\Core\Framework.h" />
    <ClInclude Include="Engine\Renderer\MeshRenderer.h" />
    <ClInclude Include="Lib\Adapter\Easing.h" />
    <ClInclude Include="Lib\Adapter\JsonAdapter.h" />
    <ClInclude Include="Lib\Adapter\RandomGenerator.h" />
    <ClInclude Include="Lib\MathUtils\Matrix4x4.h" />
    <ClInclude Include="Lib\MathUtils\Quaternion.h" />
    <ClInclude Include="Lib\MathUtils\Vector2.h" />
    <ClInclude Include="Lib\MathUtils\Vector3.h" />
    <ClInclude Include="Lib\MathUtils\Vector4.h" />
    <ClInclude Include="Engine\Collision\Collider.h" />
    <ClInclude Include="Engine\Scene\Camera\BaseCamera.h" />
    <ClInclude Include="Engine\Scene\Camera\CameraManager.h" />
    <ClInclude Include="Game\Camera\GameCamera.h" />
    <ClInclude Include="Engine\Scene\Camera\LightViewCamera.h" />
    <ClInclude Include="Engine\Scene\Light\PunctualLight.h" />
    <ClInclude Include="Game\Scene\Manager\SceneManager.h" />
    <ClInclude Include="Game\Scene\Methods\IScene.h" />
    <ClInclude Include="Game\Scene\Methods\SceneFactory.h" />
    <ClInclude Include="Game\Time\GameTimer.h" />
    <ClInclude Include="Engine\External\ImGuiManager.h" />
    <ClInclude Include="Engine\Editor\ImGuiEditor.h" />
    <ClInclude Include="Engine\Input\Input.h" />
    <ClInclude Include="Engine\Scene\Camera\DebugCamera.h" />
    <ClInclude Include="Engine\Renderer\LineRenderer.h" />
    <ClInclude Include="Lib\MathUtils\MathUtils.h" />
    <ClInclude Include="Engine\Core\Component\ECS\ComponentManager.h" />
    <ClInclude Include="Engine\Core\Component\ECS\EntityRegistry.h" />
    <ClInclude Include="Engine\Core\Component\Store\TransformStore.h" />
    <ClInclude Include="Engine\Core\Component\Store\MaterialStore.h" />
    <ClInclude Include="Engine\Editor\ImGuiInspector.h" />
    <ClInclude Include="Engine\Collision\CollisionBody.h" />
    <ClInclude Include="Engine\Collision\CollisionManager.h" />
    <ClInclude Include="Engine\Collision\CollisionGeometry.h" />
    <ClInclude Include="Game\Object3D\Template\TemplateObject3D.h" />
    <ClInclude Include="Lib\MathUtils\Algorithm.h" />
    <ClInclude Include="Engine\Renderer\SpriteRenderer.h" />
    <ClInclude Include="Engine\Core\Component\Base\IComponent.h" />
    <ClInclude Include="Engine\Core\Graphics\GPUObject\GPUObjectSystem.h" />
    <ClInclude Include="Engine\Core\Component\AnimationComponent.h" />
    <ClInclude Include="Engine\Core\Component\Store\AnimationStore.h" />
    <ClInclude Include="Engine\Core\Graphics\Context\MeshCommandContext.h" />
    <ClInclude Include="Engine\Core\Graphics\GPUObject\InstancedMeshBuffer.h" />
    <ClInclude Include="Engine\Core\Component\SpriteComponent.h" />
    <ClInclude Include="Engine\Core\Component\Store\SpriteStore.h" />
    <ClInclude Include="Engine\Scene\Camera\Camera2D.h" />
    <ClInclude Include="Engine\Core\Component\ComponentHelper.h" />
    <ClInclude Include="Engine\Editor\Base\IGameEditor.h" />
    <ClInclude Include="Engine\Editor\Manager\GameEditorManager.h" />
    <ClInclude Include="Engine\Core\Graphics\PostProcess\ComputePostProcessor.h" />
    <ClInclude Include="Engine\Core\Graphics\Context\PostProcessCommandContext.h" />
    <ClInclude Include="Engine\Core\Graphics\PostProcess\PostProcessSystem.h" />
    <ClInclude Include="Engine\Core\Graphics\PostProcess\PostProcessType.h" />
    <ClInclude Include="Engine\Core\Graphics\PostProcess\BloomProcessor.h" />
    <ClInclude Include="Engine\Core\Graphics\PostProcess\Buffer\PostProcessBuffer.h" />
    <ClInclude Include="Engine\Core\Graphics\PostProcess\Buffer\PostProcessBufferSize.h" />
    <ClInclude Include="Engine\Core\Graphics\PostProcess\PostProcessPipeline.h" />
    <ClInclude Include="Engine\Core\Graphics\Mesh\MeshletStructures.h" />
    <ClInclude Include="Engine\Core\Graphics\Mesh\MeshletBuilder.h" />
    <ClInclude Include="Engine\Core\Graphics\Mesh\Mesh.h" />
    <ClInclude Include="Engine\Core\Graphics\Mesh\MeshRegistry.h" />
    <ClInclude Include="Game\Scene\TitleScene.h" />
    <ClInclude Include="Game\Scene\GameScene.h" />
    <ClInclude Include="Game\Object2D\Base\ITransition.h" />
    <ClInclude Include="Game\Scene\Methods\SceneTransition.h" />
    <ClInclude Include="Game\Object2D\SceneTransition\FadeTransition.h" />
    <ClInclude Include="Game\Algorithm\StateTimer.h" />
    <ClInclude Include="Engine\Editor\Object\Object3DEditor.h" />
    <ClInclude Include="Engine\Core\Component\MaterialComponent.h" />
    <ClInclude Include="Engine\Core\Graphics\Descriptors\BaseDescriptor.h" />
    <ClInclude Include="Engine\Core\Graphics\GPUObject\SceneConstBuffer.h" />
    <ClInclude Include="Engine\Scene\Light\LightManager.h" />
    <ClInclude Include="Engine\Editor\Primitive\PrimitiveEditor.h" />
    <ClInclude Include="Engine\Editor\Primitive\PrimitiveRegistry.h" />
    <ClInclude Include="Engine\Core\Graphics\Mesh\PrimitiveMesh.h" />
    <ClInclude Include="Engine\Core\Component\PrimitiveMeshComponent.h" />
    <ClInclude Include="Engine\Core\Component\Store\PrimitiveMeshStore.h" />
    <ClInclude Include="Engine\Renderer\EffectRenderer.h" />
    <ClInclude Include="Engine\Editor\Primitive\PrimitiveMeshData.h" />
    <ClInclude Include="Engine\Editor\Primitive\PrimitiveMeshTool.h" />
    <ClInclude Include="Engine\Utility\UVHelper.h" />
    <ClInclude Include="Engine\Utility\SimpleAnimation.h" />
    <ClInclude Include="Game\Object3D\Player\Player.h" />
    <ClInclude Include="Game\Object3D\Player\Behavior\PlayerBehaviorController.h" />
    <ClInclude Include="Game\Object3D\Player\Parts\Base\BasePlayerParts.h" />
    <ClInclude Include="Game\Object3D\Player\Parts\PlayerPartsController.h" />
    <ClInclude Include="Game\Object3D\Player\Parts\PlayerBody.h" />
    <ClInclude Include="Game\Object3D\Player\Parts\PlayerRightHand.h" />
    <ClInclude Include="Game\Object3D\Player\Parts\PlayerLeftHand.h" />
    <ClInclude Include="Game\Object3D\Player\Parts\PlayerRightSword.h" />
    <ClInclude Include="Game\Camera\FollowCamera.h" />
    <ClInclude Include="Game\Object3D\Player\Behavior\PlayerBehaviorType.h" />
    <ClInclude Include="Game\Object3D\Player\Effect\PlayerEffectController.h" />
    <ClInclude Include="Game\Object3D\Player\Effect\PlayerLightningHitEffect.h" />
    <ClInclude Include="Game\Object3D\Base\BasePrimitiveEffect.h" />
    <ClInclude Include="Game\Object3D\Player\Parts\PlayerLeftSword.h" />
    <ClInclude Include="Game\Object3D\Player\Behavior\IPlayerBehavior.h" />
    <ClInclude Include="Game\Object3D\Player\Behavior\Parts\Body\PlayerBodyDashBehavior.h" />
    <ClInclude Include="Game\Object3D\Player\Behavior\Parts\Body\PlayerBodyFirstAttackBehavior.h" />
    <ClInclude Include="Game\Object3D\Player\Behavior\Parts\Body\PlayerBodyDashAttackBehavior.h" />
    <ClInclude Include="Game\Object3D\Player\Behavior\Parts\Body\PlayerBodySecondAttackBehavior.h" />
    <ClInclude Include="Game\Object3D\Player\Behavior\Parts\Body\PlayerBodyThirdAttackBehavior.h" />
    <ClInclude Include="Game\Object3D\Player\Behavior\Parts\Body\PlayerBodyParryBehavior.h" />
    <ClInclude Include="Game\Object3D\Player\Behavior\Parts\RightSword\RightSwordThirdAttackBehavior.h" />
    <ClInclude Include="Game\Object3D\Player\Behavior\Parts\LeftHand\LeftHandDashAttackBehavior.h" />
    <ClInclude Include="Game\Object3D\Player\Behavior\Parts\LeftHand\LeftHandDashBehavior.h" />
    <ClInclude Include="Game\Object3D\Player\Behavior\Parts\LeftHand\LeftHandFirstAttackBehavior.h" />
    <ClInclude Include="Game\Object3D\Player\Behavior\Parts\LeftHand\LeftHandParryBehavior.h" />
    <ClInclude Include="Game\Object3D\Player\Behavior\Parts\LeftHand\LeftHandSecondAttackBehavior.h" />
    <ClInclude Include="Game\Object3D\Player\Behavior\Parts\LeftHand\LeftHandThirdAttackBehavior.h" />
    <ClInclude Include="Game\Object3D\Player\Behavior\Parts\LeftSword\LeftSwordDashAttackBehavior.h" />
    <ClInclude Include="Game\Object3D\Player\Behavior\Parts\LeftSword\LeftSwordDashBehavior.h" />
    <ClInclude Include="Game\Object3D\Player\Behavior\Parts\LeftSword\LeftSwordFirstAttackBehavior.h" />
    <ClInclude Include="Game\Object3D\Player\Behavior\Parts\LeftSword\LeftSwordParryBehavior.h" />
    <ClInclude Include="Game\Object3D\Player\Behavior\Parts\LeftSword\LeftSwordSecondAttackBehavior.h" />
    <ClInclude Include="Game\Object3D\Player\Behavior\Parts\LeftSword\LeftSwordThirdAttackBehavior.h" />
    <ClInclude Include="Game\Object3D\Player\Behavior\Parts\RightHand\RightHandDashAttackBehavior.h" />
    <ClInclude Include="Game\Object3D\Player\Behavior\Parts\RightHand\RightHandDashBehavior.h" />
    <ClInclude Include="Game\Object3D\Player\Behavior\Parts\RightHand\RightHandFirstAttackBehavior.h" />
    <ClInclude Include="Game\Object3D\Player\Behavior\Parts\RightHand\RightHandParryBehavior.h" />
    <ClInclude Include="Game\Object3D\Player\Behavior\Parts\RightHand\RightHandSecondAttackBehavior.h" />
    <ClInclude Include="Game\Object3D\Player\Behavior\Parts\RightHand\RightHandThirdAttackBehavior.h" />
    <ClInclude Include="Game\Object3D\Player\Behavior\Parts\RightSword\RightSwordDashAttackBehavior.h" />
    <ClInclude Include="Game\Object3D\Player\Behavior\Parts\RightSword\RightSwordDashBehavior.h" />
    <ClInclude Include="Game\Object3D\Player\Behavior\Parts\RightSword\RightSwordFirstAttackBehavior.h" />
    <ClInclude Include="Game\Object3D\Player\Behavior\Parts\RightSword\RightSwordParryBehavior.h" />
    <ClInclude Include="Game\Object3D\Player\Behavior\Parts\RightSword\RightSwordSecondAttackBehavior.h" />
    <ClInclude Include="Game\Object3D\Player\Behavior\Parts\Base\IPlayerBehavior.h" />
    <ClInclude Include="Game\Object3D\Player\Behavior\Parts\Body\PlayerBodyWaitBehavior.h" />
    <ClInclude Include="Game\Object3D\Player\Behavior\Parts\Body\PlayerBodyWalkBehavior.h" />
    <ClInclude Include="Game\Object3D\Player\Behavior\Parts\Body\BodyDashAttackBehavior.h" />
    <ClInclude Include="Game\Object3D\Player\Behavior\Parts\Body\BodyDashBehavior.h" />
    <ClInclude Include="Game\Object3D\Player\Behavior\Parts\Body\BodyFirstAttackBehavior.h" />
    <ClInclude Include="Game\Object3D\Player\Behavior\Parts\Body\BodyParryBehavior.h" />
    <ClInclude Include="Game\Object3D\Player\Behavior\Parts\Body\BodySecondAttackBehavior.h" />
    <ClInclude Include="Game\Object3D\Player\Behavior\Parts\Body\BodyThirdAttackBehavior.h" />
    <ClInclude Include="Game\Object3D\Player\Behavior\Parts\Body\BodyWaitBehavior.h" />
    <ClInclude Include="Game\Object3D\Player\Behavior\Parts\Body\BodyWalkBehavior.h" />
    <ClInclude Include="Game\Object3D\Player\Behavior\Parts\LeftHand\LeftHandWalkBehavior.h" />
    <ClInclude Include="Game\Object3D\Player\Behavior\Parts\LeftHand\LeftHandWaitBehavior.h" />
    <ClInclude Include="Game\Object3D\Player\Behavior\Parts\LeftSword\LeftSwordWaitBehavior.h" />
    <ClInclude Include="Game\Object3D\Player\Behavior\Parts\LeftSword\LeftSwordWalkBehavior.h" />
    <ClInclude Include="Game\Object3D\Player\Behavior\Parts\RightHand\RightHandWalkBehavior.h" />
    <ClInclude Include="Game\Object3D\Player\Behavior\Parts\RightHand\RightHandWaitBehavior.h" />
    <ClInclude Include="Game\Object3D\Player\Behavior\Parts\RightSword\RightSwordWaitBehavior.h" />
    <ClInclude Include="Game\Object3D\Player\Behavior\Parts\RightSword\RightSwordWalkBehavior.h" />
    <ClInclude Include="Engine\Utility\KeyframeAnimation.h" />
  </ItemGroup>
  <ItemGroup>
    <FxCompile Include="Assets\Engine\Shaders\MS\Triangle.MS.hlsl" />
    <FxCompile Include="Assets\Engine\Shaders\MS\Triangle.PS.hlsl" />
    <FxCompile Include="Assets\Engine\Shaders\CS\PostProcess\CopyTexture.CS.hlsl" />
  </ItemGroup>
  <ItemGroup>
    <None Include="Assets\Engine\Shaders\MS\Triangle.hlsli" />
    <None Include="Assets\Engine\Shaders\MS\StandardMSFunction.hlsli" />
    <None Include="Assets\Engine\Shaders\MS\EffectMSFunction.hlsli" />
  </ItemGroup>
</Project>